
Microsoft Visual Studio Solution File, Format Version 12.00
Project("{FAE04EC0-301F-11D3-BF4B-00C04F79EFBC}") = "Before", "Before\Before.csproj", "{05A0CB21-C293-4E8D-9930-57FEF2515D87}"
EndProject
Project("{FAE04EC0-301F-11D3-BF4B-00C04F79EFBC}") = "After", "After\After.csproj", "{97CCF3FC-EFB8-45F7-B0BC-A9ED46A4C156}"
EndProject
Global
	GlobalSection(SolutionConfigurationPlatforms) = preSolution
		Debug|Any CPU = Debug|Any CPU
		Release|Any CPU = Release|Any CPU
	EndGlobalSection
	GlobalSection(ProjectConfigurationPlatforms) = postSolution
		{05A0CB21-C293-4E8D-9930-57FEF2515D87}.Debug|Any CPU.ActiveCfg = Debug|Any CPU
		{05A0CB21-C293-4E8D-9930-57FEF2515D87}.Debug|Any CPU.Build.0 = Debug|Any CPU
		{05A0CB21-C293-4E8D-9930-57FEF2515D87}.Release|Any CPU.ActiveCfg = Release|Any CPU
		{05A0CB21-C293-4E8D-9930-57FEF2515D87}.Release|Any CPU.Build.0 = Release|Any CPU
		{97CCF3FC-EFB8-45F7-B0BC-A9ED46A4C156}.Debug|Any CPU.ActiveCfg = Debug|Any CPU
		{97CCF3FC-EFB8-45F7-B0BC-A9ED46A4C156}.Debug|Any CPU.Build.0 = Debug|Any CPU
		{97CCF3FC-EFB8-45F7-B0BC-A9ED46A4C156}.Release|Any CPU.ActiveCfg = Release|Any CPU
		{97CCF3FC-EFB8-45F7-B0BC-A9ED46A4C156}.Release|Any CPU.Build.0 = Release|Any CPU
	EndGlobalSection
EndGlobal
